Microsoft Visual Studio Solution File, Format Version 12.00
# Visual Studio Version 17
VisualStudioVersion = 17.5.2.0
MinimumVisualStudioVersion = 10.0.40219.1
Project("{FAE04EC0-301F-11D3-BF4B-00C04F79EFBC}") = "ForHerhaling", "ForHerhaling\ForHerhaling.csproj", "{EB680E9A-4BE3-0ABA-6659-9FBEFAD0CAB0}"
EndProject
Global
	GlobalSection(SolutionConfigurationPlatforms) = preSolution
		Debug|Any CPU = Debug|Any CPU
		Release|Any CPU = Release|Any CPU
	EndGlobalSection
	GlobalSection(ProjectConfigurationPlatforms) = postSolution
		{EB680E9A-4BE3-0ABA-6659-9FBEFAD0CAB0}.Debug|Any CPU.ActiveCfg = Debug|Any CPU
		{EB680E9A-4BE3-0ABA-6659-9FBEFAD0CAB0}.Debug|Any CPU.Build.0 = Debug|Any CPU
		{EB680E9A-4BE3-0ABA-6659-9FBEFAD0CAB0}.Release|Any CPU.ActiveCfg = Release|Any CPU
		{EB680E9A-4BE3-0ABA-6659-9FBEFAD0CAB0}.Release|Any CPU.Build.0 = Release|Any CPU
	EndGlobalSection
	GlobalSection(SolutionProperties) = preSolution
		HideSolutionNode = FALSE
	EndGlobalSection
	GlobalSection(ExtensibilityGlobals) = postSolution
		SolutionGuid = {637E245F-FA03-475E-8420-AB50BAA07CBA}
	EndGlobalSection
EndGlobal
