Microsoft Visual Studio Solution File, Format Version 12.00
# Visual Studio Version 17
VisualStudioVersion = 17.5.2.0
MinimumVisualStudioVersion = 10.0.40219.1
Project("{FAE04EC0-301F-11D3-BF4B-00C04F79EFBC}") = "Lists", "Lists\Lists.csproj", "{53563DF8-FD6E-285F-1E5F-6A48087B60C1}"
EndProject
Global
	GlobalSection(SolutionConfigurationPlatforms) = preSolution
		Debug|Any CPU = Debug|Any CPU
		Release|Any CPU = Release|Any CPU
	EndGlobalSection
	GlobalSection(ProjectConfigurationPlatforms) = postSolution
		{53563DF8-FD6E-285F-1E5F-6A48087B60C1}.Debug|Any CPU.ActiveCfg = Debug|Any CPU
		{53563DF8-FD6E-285F-1E5F-6A48087B60C1}.Debug|Any CPU.Build.0 = Debug|Any CPU
		{53563DF8-FD6E-285F-1E5F-6A48087B60C1}.Release|Any CPU.ActiveCfg = Release|Any CPU
		{53563DF8-FD6E-285F-1E5F-6A48087B60C1}.Release|Any CPU.Build.0 = Release|Any CPU
	EndGlobalSection
	GlobalSection(SolutionProperties) = preSolution
		HideSolutionNode = FALSE
	EndGlobalSection
	GlobalSection(ExtensibilityGlobals) = postSolution
		SolutionGuid = {F227C480-7F38-4A31-AF89-1B4119974F10}
	EndGlobalSection
EndGlobal
